
Microsoft Visual Studio Solution File, Format Version 12.00
# Visual Studio 15
VisualStudioVersion = 15.0.27004.2005
MinimumVisualStudioVersion = 10.0.40219.1
Project("{FAE04EC0-301F-11D3-BF4B-00C04F79EFBC}") = "LogMonitor", "LogMonitor\LogMonitor.csproj", "{D791DB97-8169-401E-875B-B2C7E55E0799}"
EndProject
Project("{FAE04EC0-301F-11D3-BF4B-00C04F79EFBC}") = "Generator", "Generator\Generator.csproj", "{31056B07-CB6C-45C4-B192-DB3AD2E688EE}"
EndProject
Project("{FAE04EC0-301F-11D3-BF4B-00C04F79EFBC}") = "Utils", "Utils\Utils.csproj", "{A8FEFADE-D596-4DCA-B6A2-171C5743A190}"
EndProject
Global
	GlobalSection(SolutionConfigurationPlatforms) = preSolution
		Debug|Any CPU = Debug|Any CPU
		Release|Any CPU = Release|Any CPU
	EndGlobalSection
	GlobalSection(ProjectConfigurationPlatforms) = postSolution
		{D791DB97-8169-401E-875B-B2C7E55E0799}.Debug|Any CPU.ActiveCfg = Debug|Any CPU
		{D791DB97-8169-401E-875B-B2C7E55E0799}.Debug|Any CPU.Build.0 = Debug|Any CPU
		{D791DB97-8169-401E-875B-B2C7E55E0799}.Release|Any CPU.ActiveCfg = Release|Any CPU
		{D791DB97-8169-401E-875B-B2C7E55E0799}.Release|Any CPU.Build.0 = Release|Any CPU
		{31056B07-CB6C-45C4-B192-DB3AD2E688EE}.Debug|Any CPU.ActiveCfg = Debug|Any CPU
		{31056B07-CB6C-45C4-B192-DB3AD2E688EE}.Debug|Any CPU.Build.0 = Debug|Any CPU
		{31056B07-CB6C-45C4-B192-DB3AD2E688EE}.Release|Any CPU.ActiveCfg = Release|Any CPU
		{31056B07-CB6C-45C4-B192-DB3AD2E688EE}.Release|Any CPU.Build.0 = Release|Any CPU
		{A8FEFADE-D596-4DCA-B6A2-171C5743A190}.Debug|Any CPU.ActiveCfg = Debug|Any CPU
		{A8FEFADE-D596-4DCA-B6A2-171C5743A190}.Debug|Any CPU.Build.0 = Debug|Any CPU
		{A8FEFADE-D596-4DCA-B6A2-171C5743A190}.Release|Any CPU.ActiveCfg = Release|Any CPU
		{A8FEFADE-D596-4DCA-B6A2-171C5743A190}.Release|Any CPU.Build.0 = Release|Any CPU
	EndGlobalSection
	GlobalSection(SolutionProperties) = preSolution
		HideSolutionNode = FALSE
	EndGlobalSection
	GlobalSection(ExtensibilityGlobals) = postSolution
		SolutionGuid = {AA139019-E294-4A29-AD7E-8D78D8448DD0}
	EndGlobalSection
EndGlobal
